// !$*UTF8*$!
{
	archiveVersion = 1;
	classes = {
	};
	objectVersion = 46;
	objects = {

/* Begin PBXBuildFile section */
		2AC5EA911F699C2D00B3AA8A /* AppDelegate.swift in Sources */ = {isa = PBXBuildFile; fileRef = 2AC5EA901F699C2D00B3AA8A /* AppDelegate.swift */; };
		2AC5EA931F699C2D00B3AA8A /* ViewController.swift in Sources */ = {isa = PBXBuildFile; fileRef = 2AC5EA921F699C2D00B3AA8A /* ViewController.swift */; };
		2AC5EA961F699C2D00B3AA8A /* Main.storyboard in Resources */ = {isa = PBXBuildFile; fileRef = 2AC5EA941F699C2D00B3AA8A /* Main.storyboard */; };
		2AC5EA981F699C2D00B3AA8A /* Assets.xcassets in Resources */ = {isa = PBXBuildFile; fileRef = 2AC5EA971F699C2D00B3AA8A /* Assets.xcassets */; };
		2AC5EA9B1F699C2D00B3AA8A /* LaunchScreen.storyboard in Resources */ = {isa = PBXBuildFile; fileRef = 2AC5EA991F699C2D00B3AA8A /* LaunchScreen.storyboard */; };
/* End PBXBuildFile section */

/* Begin PBXFileReference section */
		2AC5EA8D1F699C2D00B3AA8A /* Test.app */ = {isa = PBXFileReference; explicitFileType = wrapper.application; includeInIndex = 0; path = Test.app; sourceTree = BUILT_PRODUCTS_DIR; };
		2AC5EA901F699C2D00B3AA8A /* AppDelegate.swift */ = {isa = PBXFileReference; lastKnownFileType = sourcecode.swift; path = AppDelegate.swift; sourceTree = "<group>"; };
		2AC5EA921F699C2D00B3AA8A /* ViewController.swift */ = {isa = PBXFileReference; lastKnownFileType = sourcecode.swift; path = ViewController.swift; sourceTree = "<group>"; };
		2AC5EA951F699C2D00B3AA8A /* Base */ = {isa = PBXFileReference; lastKnownFileType = file.storyboard; name = Base; path = Base.lproj/Main.storyboard; sourceTree = "<group>"; };
		2AC5EA971F699C2D00B3AA8A /* Assets.xcassets */ = {isa = PBXFileReference; lastKnownFileType = folder.assetcatalog; path = Assets.xcassets; sourceTree = "<group>"; };
		2AC5EA9A1F699C2D00B3AA8A /* Base */ = {isa = PBXFileReference; lastKnownFileType = file.storyboard; name = Base; path = Base.lproj/LaunchScreen.storyboard; sourceTree = "<group>"; };
		2AC5EA9C1F699C2D00B3AA8A /* Info.plist */ = {isa = PBXFileReference; lastKnownFileType = text.plist.xml; path = Info.plist; sourceTree = "<group>"; };
/* End PBXFileReference section */

/* Begin PBXFrameworksBuildPhase section */
		2AC5EA8A1F699C2D00B3AA8A /* Frameworks */ = {
			isa = PBXFrameworksBuildPhase;
			buildActionMask = 2147483647;
			files = (
			);
			runOnlyForDeploymentPostprocessing = 0;
		};
/* End PBXFrameworksBuildPhase section */

/* Begin PBXGroup section */
		2AC5EA841F699C2D00B3AA8A = {
			isa = PBXGroup;
			children = (
				2AC5EA8F1F699C2D00B3AA8A /* Test */,
				2AC5EA8E1F699C2D00B3AA8A /* Products */,
			);
			sourceTree = "<group>";
		};
		2AC5EA8E1F699C2D00B3AA8A /* Products */ = {
			isa = PBXGroup;
			children = (
				2AC5EA8D1F699C2D00B3AA8A /* Test.app */,
			);
			name = Products;
			sourceTree = "<group>";
		};
		2AC5EA8F1F699C2D00B3AA8A /* Test */ = {
			isa = PBXGroup;
			children = (
				2AC5EA901F699C2D00B3AA8A /* AppDelegate.swift */,
				2AC5EA921F699C2D00B3AA8A /* ViewController.swift */,
				2AC5EA941F699C2D00B3AA8A /* Main.storyboard */,
				2AC5EA971F699C2D00B3AA8A /* Assets.xcassets */,
				2AC5EA991F699C2D00B3AA8A /* LaunchScreen.storyboard */,
				2AC5EA9C1F699C2D00B3AA8A /* Info.plist */,
			);
			path = Test;
			sourceTree = "<group>";
		};
/* End PBXGroup section */

/* Begin PBXNativeTarget section */
		2AC5EA8C1F699C2D00B3AA8A /* Test */ = {
			isa = PBXNativeTarget;
			buildConfigurationList = 2AC5EA9F1F699C2D00B3AA8A /* Build configuration list for PBXNativeTarget "Test" */;
			buildPhases = (
				2AC5EA891F699C2D00B3AA8A /* Sources */,
				2AC5EA8A1F699C2D00B3AA8A /* Frameworks */,
				2AC5EA8B1F699C2D00B3AA8A /* Resources */,
			);
			buildRules = (
			);
			dependencies = (
			);
			name = Test;
			productName = Test;
			productReference = 2AC5EA8D1F699C2D00B3AA8A /* Test.app */;
			productType = "com.apple.product-type.application";
		};
/* End PBXNativeTarget section */

/* Begin PBXProject section */
		2AC5EA851F699C2D00B3AA8A /* Project object */ = {
			isa = PBXProject;
			attributes = {
				LastSwiftUpdateCheck = 0830;
				LastUpgradeCheck = 0830;
				TargetAttributes = {
					2AC5EA8C1F699C2D00B3AA8A = {
						CreatedOnToolsVersion = 8.3.3;
						DevelopmentTeam = Q9N5PH89AB;
						ProvisioningStyle = Automatic;
					};
				};
			};
			buildConfigurationList = 2AC5EA881F699C2D00B3AA8A /* Build configuration list for PBXProject "Test" */;
			compatibilityVersion = "Xcode 3.2";
			developmentRegion = English;
			hasScannedForEncodings = 0;
			knownRegions = (
				en,
				Base,
			);
			mainGroup = 2AC5EA841F699C2D00B3AA8A;
			productRefGroup = 2AC5EA8E1F699C2D00B3AA8A /* Products */;
			projectDirPath = "";
			projectRoot = "";
			targets = (
				2AC5EA8C1F699C2D00B3AA8A /* Test */,
			);
		};
/* End PBXProject section */

/* Begin PBXResourcesBuildPhase section */
		2AC5EA8B1F699C2D00B3AA8A /* Resources */ = {
			isa = PBXResourcesBuildPhase;
			buildActionMask = 2147483647;
			files = (
				2AC5EA9B1F699C2D00B3AA8A /* LaunchScreen.storyboard in Resources */,
				2AC5EA981F699C2D00B3AA8A /* Assets.xcassets in Resources */,
				2AC5EA961F699C2D00B3AA8A /* Main.storyboard in Resources */,
			);
			runOnlyForDeploymentPostprocessing = 0;
		};
/* End PBXResourcesBuildPhase section */

/* Begin PBXSourcesBuildPhase section */
		2AC5EA891F699C2D00B3AA8A /* Sources */ = {
			isa = PBXSourcesBuildPhase;
			buildActionMask = 2147483647;
			files = (
				2AC5EA931F699C2D00B3AA8A /* ViewController.swift in Sources */,
				2AC5EA911F699C2D00B3AA8A /* AppDelegate.swift in Sources */,
			);
			runOnlyForDeploymentPostprocessing = 0;
		};
/* End PBXSourcesBuildPhase section */

/* Begin PBXVariantGroup section */
		2AC5EA941F699C2D00B3AA8A /* Main.storyboard */ = {
			isa = PBXVariantGroup;
			children = (
				2AC5EA951F699C2D00B3AA8A /* Base */,
			);
			name = Main.storyboard;
			sourceTree = "<group>";
		};
		2AC5EA991F699C2D00B3AA8A /* LaunchScreen.storyboard */ = {
			isa = PBXVariantGroup;
			children = (
				2AC5EA9A1F699C2D00B3AA8A /* Base */,
			);
			name = LaunchScreen.storyboard;
			sourceTree = "<group>";
		};
/* End PBXVariantGroup section */

/* Begin XCBuildConfiguration section */
		2AC5EA9D1F699C2D00B3AA8A /* Debug */ = {
			isa = XCBuildConfiguration;
			buildSettings = {
				ALWAYS_SEARCH_USER_PATHS = NO;
				CLANG_ANALYZER_NONNULL = YES;
				CLANG_ANALYZER_NUMBER_OBJECT_CONVERSION = YES_AGGRESSIVE;
				CLANG_CXX_LANGUAGE_STANDARD = "gnu++0x";
				CLANG_CXX_LIBRARY = "libc++";
				CLANG_ENABLE_MODULES = YES;
				CLANG_ENABLE_OBJC_ARC = YES;
				CLANG_WARN_BOOL_CONVERSION = YES;
				CLANG_WARN_CONSTANT_CONVERSION = YES;
				CLANG_WARN_DIRECT_OBJC_ISA_USAGE = YES_ERROR;
				CLANG_WARN_DOCUMENTATION_COMMENTS = YES;
				CLANG_WARN_EMPTY_BODY = YES;
				CLANG_WARN_ENUM_CONVERSION = YES;
				CLANG_WARN_INFINITE_RECURSION = YES;
				CLANG_WARN_INT_CONVERSION = YES;
				CLANG_WARN_OBJC_ROOT_CLASS = YES_ERROR;
				CLANG_WARN_SUSPICIOUS_MOVE = YES;
				CLANG_WARN_UNREACHABLE_CODE = YES;
				CLANG_WARN__DUPLICATE_METHOD_MATCH = YES;
				"CODE_SIGN_IDENTITY[sdk=iphoneos*]" = "iPhone Developer";
				COPY_PHASE_STRIP = NO;
				DEBUG_INFORMATION_FORMAT = dwarf;
				ENABLE_STRICT_OBJC_MSGSEND = YES;
				ENABLE_TESTABILITY = YES;
				GCC_C_LANGUAGE_STANDARD = gnu99;
				GCC_DYNAMIC_NO_PIC = NO;
				GCC_NO_COMMON_BLOCKS = YES;
				GCC_OPTIMIZATION_LEVEL = 0;
				GCC_PREPROCESSOR_DEFINITIONS = (
					"DEBUG=1",
					"$(inherited)",
				);
				GCC_WARN_64_TO_32_BIT_CONVERSION = YES;
				GCC_WARN_ABOUT_RETURN_TYPE = YES_ERROR;
				GCC_WARN_UNDECLARED_SELECTOR = YES;
				GCC_WARN_UNINITIALIZED_AUTOS = YES_AGGRESSIVE;
				GCC_WARN_UNUSED_FUNCTION = YES;
				GCC_WARN_UNUSED_VARIABLE = YES;
				IPHONEOS_DEPLOYMENT_TARGET = 10.3;
				MTL_ENABLE_DEBUG_INFO = YES;
				ONLY_ACTIVE_ARCH = YES;
				SDKROOT = iphoneos;
				SWIFT_ACTIVE_COMPILATION_CONDITIONS = DEBUG;
				SWIFT_OPTIMIZATION_LEVEL = "-Onone";
				TARGETED_DEVICE_FAMILY = "1,2";
			};
			name = Debug;
		};
		2AC5EA9E1F699C2D00B3AA8A /* Release */ = {
			isa = XCBuildConfiguration;
			buildSettings = {
				ALWAYS_SEARCH_USER_PATHS = NO;
				CLANG_ANALYZER_NONNULL = YES;
				CLANG_ANALYZER_NUMBER_OBJECT_CONVERSION = YES_AGGRESSIVE;
				CLANG_CXX_LANGUAGE_STANDARD = "gnu++0x";
				CLANG_CXX_LIBRARY = "libc++";
				CLANG_ENABLE_MODULES = YES;
				CLANG_ENABLE_OBJC_ARC = YES;
				CLANG_WARN_BOOL_CONVERSION = YES;
				CLANG_WARN_CONSTANT_CONVERSION = YES;
				CLANG_WARN_DIRECT_OBJC_ISA_USAGE = YES_ERROR;
				CLANG_WARN_DOCUMENTATION_COMMENTS = YES;
				CLANG_WARN_EMPTY_BODY = YES;
				CLANG_WARN_ENUM_CONVERSION = YES;
				CLANG_WARN_INFINITE_RECURSION = YES;
				CLANG_WARN_INT_CONVERSION = YES;
				CLANG_WARN_OBJC_ROOT_CLASS = YES_ERROR;
				CLANG_WARN_SUSPICIOUS_MOVE = YES;
				CLANG_WARN_UNREACHABLE_CODE = YES;
				CLANG_WARN__DUPLICATE_METHOD_MATCH = YES;
				"CODE_SIGN_IDENTITY[sdk=iphoneos*]" = "iPhone Developer";
				COPY_PHASE_STRIP = NO;
				DEBUG_INFORMATION_FORMAT = "dwarf-with-dsym";
				ENABLE_NS_ASSERTIONS = NO;
				ENABLE_STRICT_OBJC_MSGSEND = YES;
				GCC_C_LANGUAGE_STANDARD = gnu99;
				GCC_NO_COMMON_BLOCKS = YES;
				GCC_WARN_64_TO_32_BIT_CONVERSION = YES;
				GCC_WARN_ABOUT_RETURN_TYPE = YES_ERROR;
				GCC_WARN_UNDECLARED_SELECTOR = YES;
				GCC_WARN_UNINITIALIZED_AUTOS = YES_AGGRESSIVE;
				GCC_WARN_UNUSED_FUNCTION = YES;
				GCC_WARN_UNUSED_VARIABLE = YES;
				IPHONEOS_DEPLOYMENT_TARGET = 10.3;
				MTL_ENABLE_DEBUG_INFO = NO;
				SDKROOT = iphoneos;
				SWIFT_OPTIMIZATION_LEVEL = "-Owholemodule";
				TARGETED_DEVICE_FAMILY = "1,2";
				VALIDATE_PRODUCT = YES;
			};
			name = Release;
		};
		2AC5EAA01F699C2D00B3AA8A /* Debug */ = {
			isa = XCBuildConfiguration;
			buildSettings = {
				ASSETCATALOG_COMPILER_APPICON_NAME = AppIcon;
				DEVELOPMENT_TEAM = Q9N5PH89AB;
				INFOPLIST_FILE = Test/Info.plist;
				LD_RUNPATH_SEARCH_PATHS = "$(inherited) @executable_path/Frameworks";
				PRODUCT_BUNDLE_IDENTIFIER = com.lighthouselabs.Test;
				PRODUCT_NAME = "$(TARGET_NAME)";
				SWIFT_VERSION = 3.0;
			};
			name = Debug;
		};
		2AC5EAA11F699C2D00B3AA8A /* Release */ = {
			isa = XCBuildConfiguration;
			buildSettings = {
				ASSETCATALOG_COMPILER_APPICON_NAME = AppIcon;
				DEVELOPMENT_TEAM = Q9N5PH89AB;
				INFOPLIST_FILE = Test/Info.plist;
				LD_RUNPATH_SEARCH_PATHS = "$(inherited) @executable_path/Frameworks";
				PRODUCT_BUNDLE_IDENTIFIER = com.lighthouselabs.Test;
				PRODUCT_NAME = "$(TARGET_NAME)";
				SWIFT_VERSION = 3.0;
			};
			name = Release;
		};
/* End XCBuildConfiguration section */

/* Begin XCConfigurationList section */
		2AC5EA881F699C2D00B3AA8A /* Build configuration list for PBXProject "Test" */ = {
			isa = XCConfigurationList;
			buildConfigurations = (
				2AC5EA9D1F699C2D00B3AA8A /* Debug */,
				2AC5EA9E1F699C2D00B3AA8A /* Release */,
			);
			defaultConfigurationIsVisible = 0;
			defaultConfigurationName = Release;
		};
		2AC5EA9F1F699C2D00B3AA8A /* Build configuration list for PBXNativeTarget "Test" */ = {
			isa = XCConfigurationList;
			buildConfigurations = (
				2AC5EAA01F699C2D00B3AA8A /* Debug */,
				2AC5EAA11F699C2D00B3AA8A /* Release */,
			);
			defaultConfigurationIsVisible = 0;
		};
/* End XCConfigurationList section */
	};
	rootObject = 2AC5EA851F699C2D00B3AA8A /* Project object */;
}
